{
    "_readme": [
        "This file locks the dependencies of your project to a known state",
        "Read more about it at https://getcomposer.org/doc/01-basic-usage.md#installing-dependencies",
        "This file is @generated automatically"
    ],
    "content-hash": "b4bdeb8c6d3f9974426f6d518e3d1191",
    "packages": [],
    "packages-dev": [
        {
            "name": "php-stubs/woocommerce-stubs",
            "version": "v10.5.2",
            "source": {
                "type": "git",
                "url": "https://github.com/php-stubs/woocommerce-stubs.git",
                "reference": "4b01d69e3bd0e22e125973e3049b1cd7249a86f3"
            },
            "dist": {
                "type": "zip",
                "url": "https://api.github.com/repos/php-stubs/woocommerce-stubs/zipball/4b01d69e3bd0e22e125973e3049b1cd7249a86f3",
                "reference": "4b01d69e3bd0e22e125973e3049b1cd7249a86f3",
                "shasum": ""
            },
            "require": {
                "php-stubs/wordpress-stubs": "^5.3 || ^6.0"
            },
            "require-dev": {
                "php": "~7.1 || ~8.0",
                "php-stubs/generator": "^0.8.0"
            },
            "suggest": {
                "symfony/polyfill-php73": "Symfony polyfill backporting some PHP 7.3+ features to lower PHP versions",
                "szepeviktor/phpstan-wordpress": "WordPress extensions for PHPStan"
            },
            "type": "library",
            "notification-url": "https://packagist.org/downloads/",
            "license": [
                "MIT"
            ],
            "description": "WooCommerce function and class declaration stubs for static analysis.",
            "homepage": "https://github.com/php-stubs/woocommerce-stubs",
            "keywords": [
                "PHPStan",
                "static analysis",
                "woocommerce",
                "wordpress"
            ],
            "support": {
                "issues": "https://github.com/php-stubs/woocommerce-stubs/issues",
                "source": "https://github.com/php-stubs/woocommerce-stubs/tree/v10.5.2"
            },
            "time": "2026-02-16T20:45:34+00:00"
        },
        {
            "name": "php-stubs/wordpress-stubs",
            "version": "v6.9.1",
            "source": {
                "type": "git",
                "url": "https://github.com/php-stubs/wordpress-stubs.git",
                "reference": "f12220f303e0d7c0844c0e5e957b0c3cee48d2f7"
            },
            "dist": {
                "type": "zip",
                "url": "https://api.github.com/repos/php-stubs/wordpress-stubs/zipball/f12220f303e0d7c0844c0e5e957b0c3cee48d2f7",
                "reference": "f12220f303e0d7c0844c0e5e957b0c3cee48d2f7",
                "shasum": ""
            },
            "conflict": {
                "phpdocumentor/reflection-docblock": "5.6.1"
            },
            "require-dev": {
                "dealerdirect/phpcodesniffer-composer-installer": "^1.0",
                "nikic/php-parser": "^5.5",
                "php": "^7.4 || ^8.0",
                "php-stubs/generator": "^0.8.3",
                "phpdocumentor/reflection-docblock": "^6.0",
                "phpstan/phpstan": "^2.1",
                "phpunit/phpunit": "^9.5",
                "symfony/polyfill-php80": "*",
                "szepeviktor/phpcs-psr-12-neutron-hybrid-ruleset": "^1.1.1",
                "wp-coding-standards/wpcs": "3.1.0 as 2.3.0"
            },
            "suggest": {
                "paragonie/sodium_compat": "Pure PHP implementation of libsodium",
                "symfony/polyfill-php80": "Symfony polyfill backporting some PHP 8.0+ features to lower PHP versions",
                "szepeviktor/phpstan-wordpress": "WordPress extensions for PHPStan"
            },
            "type": "library",
            "notification-url": "https://packagist.org/downloads/",
            "license": [
                "MIT"
            ],
            "description": "WordPress function and class declaration stubs for static analysis.",
            "homepage": "https://github.com/php-stubs/wordpress-stubs",
            "keywords": [
                "PHPStan",
                "static analysis",
                "wordpress"
            ],
            "support": {
                "issues": "https://github.com/php-stubs/wordpress-stubs/issues",
                "source": "https://github.com/php-stubs/wordpress-stubs/tree/v6.9.1"
            },
            "time": "2026-02-03T19:29:21+00:00"
        }
    ],
    "aliases": [],
    "minimum-stability": "stable",
    "stability-flags": {},
    "prefer-stable": false,
    "prefer-lowest": false,
    "platform": {},
    "platform-dev": {},
    "plugin-api-version": "2.6.0"
}
